
Microsoft Visual Studio Solution File, Format Version 12.00
# Visual Studio Version 17
VisualStudioVersion = 17.5.33530.505
MinimumVisualStudioVersion = 10.0.40219.1
Project("{FAE04EC0-301F-11D3-BF4B-00C04F79EFBC}") = "0301 прості звуки", "0301 прості звуки\0301 прості звуки.csproj", "{C74A2929-DFD3-42E8-BD97-8A2492E07BA6}"
EndProject
Global
	GlobalSection(SolutionConfigurationPlatforms) = preSolution
		Debug|Any CPU = Debug|Any CPU
		Release|Any CPU = Release|Any CPU
	EndGlobalSection
	GlobalSection(ProjectConfigurationPlatforms) = postSolution
		{C74A2929-DFD3-42E8-BD97-8A2492E07BA6}.Debug|Any CPU.ActiveCfg = Debug|Any CPU
		{C74A2929-DFD3-42E8-BD97-8A2492E07BA6}.Debug|Any CPU.Build.0 = Debug|Any CPU
		{C74A2929-DFD3-42E8-BD97-8A2492E07BA6}.Release|Any CPU.ActiveCfg = Release|Any CPU
		{C74A2929-DFD3-42E8-BD97-8A2492E07BA6}.Release|Any CPU.Build.0 = Release|Any CPU
	EndGlobalSection
	GlobalSection(SolutionProperties) = preSolution
		HideSolutionNode = FALSE
	EndGlobalSection
	GlobalSection(ExtensibilityGlobals) = postSolution
		SolutionGuid = {F8C41D32-8675-416D-ABB6-9A840163C956}
	EndGlobalSection
EndGlobal
